# This file is automatically @generated by Cargo.
# It is not intended for manual editing.
version = 4

[[package]]
name = "bootycall-core"
version = "0.1.0"

[[package]]
name = "bootycall-dhcp"
version = "0.1.0"

[[package]]
name = "bootycall-extractor"
version = "0.1.0"

[[package]]
name = "bootycall-http"
version = "0.1.0"

[[package]]
name = "bootycall-rs"
version = "0.1.0"

[[package]]
name = "bootycall-tftp"
version = "0.1.0"
